// !$*UTF8*$!
{
	archiveVersion = 1;
	classes = {
	};
	objectVersion = 56;
	objects = {

/* Begin PBXBuildFile section */
		5AE301898110638C382F35DF /* Pods_MultiShop_CollabTests.framework in Frameworks */ = {isa = PBXBuildFile; fileRef = 10E7451B77EADE66A8AF869A /* Pods_MultiShop_CollabTests.framework */; };
		965E379830C6AF138B967B07 /* Pods_MultiShop_Collab_MultiShop_CollabUITests.framework in Frameworks */ = {isa = PBXBuildFile; fileRef = 5B588D20A9E7FF544C426160 /* Pods_MultiShop_Collab_MultiShop_CollabUITests.framework */; };
		C37DC5FD2C2945CC00FAFC9E /* AppDelegate.swift in Sources */ = {isa = PBXBuildFile; fileRef = C37DC5FC2C2945CC00FAFC9E /* AppDelegate.swift */; };
		C37DC5FF2C2945CC00FAFC9E /* SceneDelegate.swift in Sources */ = {isa = PBXBuildFile; fileRef = C37DC5FE2C2945CC00FAFC9E /* SceneDelegate.swift */; };
		C37DC6012C2945CC00FAFC9E /* HomeViewController.swift in Sources */ = {isa = PBXBuildFile; fileRef = C37DC6002C2945CC00FAFC9E /* HomeViewController.swift */; };
		C37DC6042C2945CC00FAFC9E /* Base in Resources */ = {isa = PBXBuildFile; fileRef = C37DC6032C2945CC00FAFC9E /* Base */; };
		C37DC6072C2945CC00FAFC9E /* MultiShop_Collab.xcdatamodeld in Sources */ = {isa = PBXBuildFile; fileRef = C37DC6052C2945CC00FAFC9E /* MultiShop_Collab.xcdatamodeld */; };
		C37DC6092C2945CE00FAFC9E /* Assets.xcassets in Resources */ = {isa = PBXBuildFile; fileRef = C37DC6082C2945CE00FAFC9E /* Assets.xcassets */; };
		C37DC60C2C2945CE00FAFC9E /* Base in Resources */ = {isa = PBXBuildFile; fileRef = C37DC60B2C2945CE00FAFC9E /* Base */; };
		C37DC6172C2945CE00FAFC9E /* MultiShop_CollabTests.swift in Sources */ = {isa = PBXBuildFile; fileRef = C37DC6162C2945CE00FAFC9E /* MultiShop_CollabTests.swift */; };
		C37DC6212C2945CE00FAFC9E /* MultiShop_CollabUITests.swift in Sources */ = {isa = PBXBuildFile; fileRef = C37DC6202C2945CE00FAFC9E /* MultiShop_CollabUITests.swift */; };
		C37DC6232C2945CE00FAFC9E /* MultiShop_CollabUITestsLaunchTests.swift in Sources */ = {isa = PBXBuildFile; fileRef = C37DC6222C2945CE00FAFC9E /* MultiShop_CollabUITestsLaunchTests.swift */; };
		C37DC6382C29492B00FAFC9E /* NetworkManager.swift in Sources */ = {isa = PBXBuildFile; fileRef = C37DC6372C29492B00FAFC9E /* NetworkManager.swift */; };
		C37DC63A2C29496100FAFC9E /* Constants.swift in Sources */ = {isa = PBXBuildFile; fileRef = C37DC6392C29496100FAFC9E /* Constants.swift */; };
		C37DC63C2C29497C00FAFC9E /* protocols.swift in Sources */ = {isa = PBXBuildFile; fileRef = C37DC63B2C29497C00FAFC9E /* protocols.swift */; };
		C37DC63E2C2949DE00FAFC9E /* Extentions.swift in Sources */ = {isa = PBXBuildFile; fileRef = C37DC63D2C2949DE00FAFC9E /* Extentions.swift */; };
		C37DC6402C29506000FAFC9E /* ShopViewController.swift in Sources */ = {isa = PBXBuildFile; fileRef = C37DC63F2C29506000FAFC9E /* ShopViewController.swift */; };
		C37DC6442C29508700FAFC9E /* AccountViewController.swift in Sources */ = {isa = PBXBuildFile; fileRef = C37DC6432C29508700FAFC9E /* AccountViewController.swift */; };
		C37ED7622C296CF000BC2DF2 /* PoliciesTableViewCell.swift in Sources */ = {isa = PBXBuildFile; fileRef = C37ED7612C296CF000BC2DF2 /* PoliciesTableViewCell.swift */; };
		C37ED7642C296DEA00BC2DF2 /* PoliciesCollectionViewCell.swift in Sources */ = {isa = PBXBuildFile; fileRef = C37ED7632C296DEA00BC2DF2 /* PoliciesCollectionViewCell.swift */; };
		C37ED7662C2977E900BC2DF2 /* CategoriesCollectionViewCell.swift in Sources */ = {isa = PBXBuildFile; fileRef = C37ED7652C2977E900BC2DF2 /* CategoriesCollectionViewCell.swift */; };
		C37ED7682C29780000BC2DF2 /* CategoriesTableViewCell.swift in Sources */ = {isa = PBXBuildFile; fileRef = C37ED7672C29780000BC2DF2 /* CategoriesTableViewCell.swift */; };
		C37ED76A2C29857A00BC2DF2 /* FeaturedProductsTableViewCell.swift in Sources */ = {isa = PBXBuildFile; fileRef = C37ED7692C29857A00BC2DF2 /* FeaturedProductsTableViewCell.swift */; };
		C37ED76C2C29866B00BC2DF2 /* FeaturedProductsCollectionViewCell.swift in Sources */ = {isa = PBXBuildFile; fileRef = C37ED76B2C29866B00BC2DF2 /* FeaturedProductsCollectionViewCell.swift */; };
		C37ED76E2C29914000BC2DF2 /* DynamicHeightCollectionView.swift in Sources */ = {isa = PBXBuildFile; fileRef = C37ED76D2C29914000BC2DF2 /* DynamicHeightCollectionView.swift */; };
		C37ED7702C29A13B00BC2DF2 /* ShopProductsCollectionViewCell.swift in Sources */ = {isa = PBXBuildFile; fileRef = C37ED76F2C29A13B00BC2DF2 /* ShopProductsCollectionViewCell.swift */; };
		C37ED7722C29A8D800BC2DF2 /* ProductModel.swift in Sources */ = {isa = PBXBuildFile; fileRef = C37ED7712C29A8D800BC2DF2 /* ProductModel.swift */; };
		C37ED7742C29AFC600BC2DF2 /* ProductDetailsViewController.swift in Sources */ = {isa = PBXBuildFile; fileRef = C37ED7732C29AFC600BC2DF2 /* ProductDetailsViewController.swift */; };
		C3898F762C2A801A0029181E /* ProductDisplayTableViewCell.swift in Sources */ = {isa = PBXBuildFile; fileRef = C3898F752C2A801A0029181E /* ProductDisplayTableViewCell.swift */; };
		C3898F782C2A81740029181E /* ProductDisplayCollectionViewCell.swift in Sources */ = {isa = PBXBuildFile; fileRef = C3898F772C2A81740029181E /* ProductDisplayCollectionViewCell.swift */; };
		C3898F7A2C2A8D040029181E /* ProductChoicesTableViewCell.swift in Sources */ = {isa = PBXBuildFile; fileRef = C3898F792C2A8D040029181E /* ProductChoicesTableViewCell.swift */; };
		C3898F7C2C2A8ED00029181E /* CheckBox.swift in Sources */ = {isa = PBXBuildFile; fileRef = C3898F7B2C2A8ED00029181E /* CheckBox.swift */; };
		C3898F7E2C2A8F5D0029181E /* RadioButton.swift in Sources */ = {isa = PBXBuildFile; fileRef = C3898F7D2C2A8F5D0029181E /* RadioButton.swift */; };
		C3898F802C2A99760029181E /* SuggestedProductsTableViewCell.swift in Sources */ = {isa = PBXBuildFile; fileRef = C3898F7F2C2A99760029181E /* SuggestedProductsTableViewCell.swift */; };
		C3898F822C2A9C100029181E /* SuggestedProductsCollectionViewCell.swift in Sources */ = {isa = PBXBuildFile; fileRef = C3898F812C2A9C100029181E /* SuggestedProductsCollectionViewCell.swift */; };
		C3898F842C2AA41C0029181E /* DisplayImageViewController.swift in Sources */ = {isa = PBXBuildFile; fileRef = C3898F832C2AA41C0029181E /* DisplayImageViewController.swift */; };
		C3898F882C2AD3A90029181E /* FiltersViewController.swift in Sources */ = {isa = PBXBuildFile; fileRef = C3898F872C2AD3A90029181E /* FiltersViewController.swift */; };
		C3898F8A2C2AD9740029181E /* FiltersTableViewCell.swift in Sources */ = {isa = PBXBuildFile; fileRef = C3898F892C2AD9740029181E /* FiltersTableViewCell.swift */; };
		C3AE797D2C2BFE8F00178014 /* CartTableViewCell.swift in Sources */ = {isa = PBXBuildFile; fileRef = C3AE797C2C2BFE8F00178014 /* CartTableViewCell.swift */; };
		C3AE797F2C2BFEA900178014 /* AddressTableViewCell.swift in Sources */ = {isa = PBXBuildFile; fileRef = C3AE797E2C2BFEA900178014 /* AddressTableViewCell.swift */; };
		C3AE79812C2BFED100178014 /* PlaceOrderTableViewCell.swift in Sources */ = {isa = PBXBuildFile; fileRef = C3AE79802C2BFED100178014 /* PlaceOrderTableViewCell.swift */; };
		C3AE79832C2BFEDC00178014 /* DeliveryAddressTableViewCell.swift in Sources */ = {isa = PBXBuildFile; fileRef = C3AE79822C2BFEDC00178014 /* DeliveryAddressTableViewCell.swift */; };
		C3AE79852C2BFEE800178014 /* OrderListingTableViewCell.swift in Sources */ = {isa = PBXBuildFile; fileRef = C3AE79842C2BFEE800178014 /* OrderListingTableViewCell.swift */; };
		C3AE79872C2BFF1000178014 /* Cart-Checkout.storyboard in Resources */ = {isa = PBXBuildFile; fileRef = C3AE79862C2BFF1000178014 /* Cart-Checkout.storyboard */; };
		C3AE79892C2BFF1900178014 /* OrderListing.storyboard in Resources */ = {isa = PBXBuildFile; fileRef = C3AE79882C2BFF1900178014 /* OrderListing.storyboard */; };
		C3AE798B2C2BFF2000178014 /* Profile.storyboard in Resources */ = {isa = PBXBuildFile; fileRef = C3AE798A2C2BFF2000178014 /* Profile.storyboard */; };
		C3AE798D2C2BFF5800178014 /* CartViewController.swift in Sources */ = {isa = PBXBuildFile; fileRef = C3AE798C2C2BFF5800178014 /* CartViewController.swift */; };
		C3AE798F2C2BFF6600178014 /* CheckoutViewController.swift in Sources */ = {isa = PBXBuildFile; fileRef = C3AE798E2C2BFF6600178014 /* CheckoutViewController.swift */; };
		C3AE79912C2BFF7000178014 /* SelectAddressViewController.swift in Sources */ = {isa = PBXBuildFile; fileRef = C3AE79902C2BFF7000178014 /* SelectAddressViewController.swift */; };
		C3AE79932C2BFF7900178014 /* TypeAddressViewController.swift in Sources */ = {isa = PBXBuildFile; fileRef = C3AE79922C2BFF7900178014 /* TypeAddressViewController.swift */; };
		C3AE79952C2BFF8200178014 /* OrderListingViewController.swift in Sources */ = {isa = PBXBuildFile; fileRef = C3AE79942C2BFF8200178014 /* OrderListingViewController.swift */; };
		C3AE79972C2BFF8C00178014 /* ProfileViewController.swift in Sources */ = {isa = PBXBuildFile; fileRef = C3AE79962C2BFF8C00178014 /* ProfileViewController.swift */; };
		C3AE79992C2BFF9700178014 /* CreateAccountViewController.swift in Sources */ = {isa = PBXBuildFile; fileRef = C3AE79982C2BFF9700178014 /* CreateAccountViewController.swift */; };
		C3AE799B2C2BFF9E00178014 /* SignInViewController.swift in Sources */ = {isa = PBXBuildFile; fileRef = C3AE799A2C2BFF9E00178014 /* SignInViewController.swift */; };
		C3AE799D2C2BFFF900178014 /* OrderDataUser.swift in Sources */ = {isa = PBXBuildFile; fileRef = C3AE799C2C2BFFF900178014 /* OrderDataUser.swift */; };
		C3AE79A12C2C001B00178014 /* CartModel.swift in Sources */ = {isa = PBXBuildFile; fileRef = C3AE799E2C2C001B00178014 /* CartModel.swift */; };
		C3AE79A22C2C001B00178014 /* CheckoutModel.swift in Sources */ = {isa = PBXBuildFile; fileRef = C3AE799F2C2C001B00178014 /* CheckoutModel.swift */; };
		C3AE79A32C2C001B00178014 /* OrderModel.swift in Sources */ = {isa = PBXBuildFile; fileRef = C3AE79A02C2C001B00178014 /* OrderModel.swift */; };
		C3B4BFF82C2956CA00EA3F46 /* SliderTableViewCell.swift in Sources */ = {isa = PBXBuildFile; fileRef = C3B4BFF72C2956CA00EA3F46 /* SliderTableViewCell.swift */; };
		C3B4BFFA2C2957C100EA3F46 /* SliderCollectionViewCell.swift in Sources */ = {isa = PBXBuildFile; fileRef = C3B4BFF92C2957C100EA3F46 /* SliderCollectionViewCell.swift */; };
		C3E200B32C2D487E00E90F85 /* UserModel.swift in Sources */ = {isa = PBXBuildFile; fileRef = C3E200B22C2D487E00E90F85 /* UserModel.swift */; };
		C3E200B52C2D489000E90F85 /* UserDefaultsKeys.swift in Sources */ = {isa = PBXBuildFile; fileRef = C3E200B42C2D489000E90F85 /* UserDefaultsKeys.swift */; };
		C3E200BA2C2D48CB00E90F85 /* GuestLoginTableViewCell.swift in Sources */ = {isa = PBXBuildFile; fileRef = C3E200B62C2D48CA00E90F85 /* GuestLoginTableViewCell.swift */; };
		C3E200BB2C2D48CB00E90F85 /* ContactDetailsTableViewCell.swift in Sources */ = {isa = PBXBuildFile; fileRef = C3E200B72C2D48CA00E90F85 /* ContactDetailsTableViewCell.swift */; };
		C3E200BC2C2D48CB00E90F85 /* LogoutTableViewCell.swift in Sources */ = {isa = PBXBuildFile; fileRef = C3E200B82C2D48CA00E90F85 /* LogoutTableViewCell.swift */; };
		C3E200BD2C2D48CB00E90F85 /* YourOrderTableViewCell.swift in Sources */ = {isa = PBXBuildFile; fileRef = C3E200B92C2D48CB00E90F85 /* YourOrderTableViewCell.swift */; };
		C3E200BF2C2D48EF00E90F85 /* NewProfileViewController.swift in Sources */ = {isa = PBXBuildFile; fileRef = C3E200BE2C2D48EF00E90F85 /* NewProfileViewController.swift */; };
		FBA1ED3D4CFDF51A394789B3 /* Pods_MultiShop_Collab.framework in Frameworks */ = {isa = PBXBuildFile; fileRef = 53D6FD7878828BF96A7D0177 /* Pods_MultiShop_Collab.framework */; };
/* End PBXBuildFile section */

/* Begin PBXContainerItemProxy section */
		C37DC6132C2945CE00FAFC9E /* PBXContainerItemProxy */ = {
			isa = PBXContainerItemProxy;
			containerPortal = C37DC5F12C2945CC00FAFC9E /* Project object */;
			proxyType = 1;
			remoteGlobalIDString = C37DC5F82C2945CC00FAFC9E;
			remoteInfo = "MultiShop-Collab";
		};
		C37DC61D2C2945CE00FAFC9E /* PBXContainerItemProxy */ = {
			isa = PBXContainerItemProxy;
			containerPortal = C37DC5F12C2945CC00FAFC9E /* Project object */;
			proxyType = 1;
			remoteGlobalIDString = C37DC5F82C2945CC00FAFC9E;
			remoteInfo = "MultiShop-Collab";
		};
/* End PBXContainerItemProxy section */

/* Begin PBXFileReference section */
		10E7451B77EADE66A8AF869A /* Pods_MultiShop_CollabTests.framework */ = {isa = PBXFileReference; explicitFileType = wrapper.framework; includeInIndex = 0; path = Pods_MultiShop_CollabTests.framework; sourceTree = BUILT_PRODUCTS_DIR; };
		26E44CDD42061FCC6878CC40 /* Pods-MultiShop-CollabTests.debug.xcconfig */ = {isa = PBXFileReference; includeInIndex = 1; lastKnownFileType = text.xcconfig; name = "Pods-MultiShop-CollabTests.debug.xcconfig"; path = "Target Support Files/Pods-MultiShop-CollabTests/Pods-MultiShop-CollabTests.debug.xcconfig"; sourceTree = "<group>"; };
		53D6FD7878828BF96A7D0177 /* Pods_MultiShop_Collab.framework */ = {isa = PBXFileReference; explicitFileType = wrapper.framework; includeInIndex = 0; path = Pods_MultiShop_Collab.framework; sourceTree = BUILT_PRODUCTS_DIR; };
		5B588D20A9E7FF544C426160 /* Pods_MultiShop_Collab_MultiShop_CollabUITests.framework */ = {isa = PBXFileReference; explicitFileType = wrapper.framework; includeInIndex = 0; path = Pods_MultiShop_Collab_MultiShop_CollabUITests.framework; sourceTree = BUILT_PRODUCTS_DIR; };
		8BD48927881D50E849EC9871 /* Pods-MultiShop-CollabTests.release.xcconfig */ = {isa = PBXFileReference; includeInIndex = 1; lastKnownFileType = text.xcconfig; name = "Pods-MultiShop-CollabTests.release.xcconfig"; path = "Target Support Files/Pods-MultiShop-CollabTests/Pods-MultiShop-CollabTests.release.xcconfig"; sourceTree = "<group>"; };
		94F76E3EBEFC2EA45D72BDF8 /* Pods-MultiShop-Collab-MultiShop-CollabUITests.debug.xcconfig */ = {isa = PBXFileReference; includeInIndex = 1; lastKnownFileType = text.xcconfig; name = "Pods-MultiShop-Collab-MultiShop-CollabUITests.debug.xcconfig"; path = "Target Support Files/Pods-MultiShop-Collab-MultiShop-CollabUITests/Pods-MultiShop-Collab-MultiShop-CollabUITests.debug.xcconfig"; sourceTree = "<group>"; };
		A19A3A60BC50C92E5D73A3EC /* Pods-MultiShop-Collab-MultiShop-CollabUITests.release.xcconfig */ = {isa = PBXFileReference; includeInIndex = 1; lastKnownFileType = text.xcconfig; name = "Pods-MultiShop-Collab-MultiShop-CollabUITests.release.xcconfig"; path = "Target Support Files/Pods-MultiShop-Collab-MultiShop-CollabUITests/Pods-MultiShop-Collab-MultiShop-CollabUITests.release.xcconfig"; sourceTree = "<group>"; };
		C37DC5F92C2945CC00FAFC9E /* MultiShop-Collab.app */ = {isa = PBXFileReference; explicitFileType = wrapper.application; includeInIndex = 0; path = "MultiShop-Collab.app"; sourceTree = BUILT_PRODUCTS_DIR; };
		C37DC5FC2C2945CC00FAFC9E /* AppDelegate.swift */ = {isa = PBXFileReference; lastKnownFileType = sourcecode.swift; path = AppDelegate.swift; sourceTree = "<group>"; };
		C37DC5FE2C2945CC00FAFC9E /* SceneDelegate.swift */ = {isa = PBXFileReference; lastKnownFileType = sourcecode.swift; path = SceneDelegate.swift; sourceTree = "<group>"; };
		C37DC6002C2945CC00FAFC9E /* HomeViewController.swift */ = {isa = PBXFileReference; lastKnownFileType = sourcecode.swift; path = HomeViewController.swift; sourceTree = "<group>"; };
		C37DC6032C2945CC00FAFC9E /* Base */ = {isa = PBXFileReference; lastKnownFileType = file.storyboard; name = Base; path = Base.lproj/Main.storyboard; sourceTree = "<group>"; };
		C37DC6062C2945CC00FAFC9E /* MultiShop_Collab.xcdatamodel */ = {isa = PBXFileReference; lastKnownFileType = wrapper.xcdatamodel; path = MultiShop_Collab.xcdatamodel; sourceTree = "<group>"; };
		C37DC6082C2945CE00FAFC9E /* Assets.xcassets */ = {isa = PBXFileReference; lastKnownFileType = folder.assetcatalog; path = Assets.xcassets; sourceTree = "<group>"; };
		C37DC60B2C2945CE00FAFC9E /* Base */ = {isa = PBXFileReference; lastKnownFileType = file.storyboard; name = Base; path = Base.lproj/LaunchScreen.storyboard; sourceTree = "<group>"; };
		C37DC60D2C2945CE00FAFC9E /* Info.plist */ = {isa = PBXFileReference; lastKnownFileType = text.plist.xml; path = Info.plist; sourceTree = "<group>"; };
		C37DC6122C2945CE00FAFC9E /* MultiShop-CollabTests.xctest */ = {isa = PBXFileReference; explicitFileType = wrapper.cfbundle; includeInIndex = 0; path = "MultiShop-CollabTests.xctest"; sourceTree = BUILT_PRODUCTS_DIR; };
		C37DC6162C2945CE00FAFC9E /* MultiShop_CollabTests.swift */ = {isa = PBXFileReference; lastKnownFileType = sourcecode.swift; path = MultiShop_CollabTests.swift; sourceTree = "<group>"; };
		C37DC61C2C2945CE00FAFC9E /* MultiShop-CollabUITests.xctest */ = {isa = PBXFileReference; explicitFileType = wrapper.cfbundle; includeInIndex = 0; path = "MultiShop-CollabUITests.xctest"; sourceTree = BUILT_PRODUCTS_DIR; };
		C37DC6202C2945CE00FAFC9E /* MultiShop_CollabUITests.swift */ = {isa = PBXFileReference; lastKnownFileType = sourcecode.swift; path = MultiShop_CollabUITests.swift; sourceTree = "<group>"; };
		C37DC6222C2945CE00FAFC9E /* MultiShop_CollabUITestsLaunchTests.swift */ = {isa = PBXFileReference; lastKnownFileType = sourcecode.swift; path = MultiShop_CollabUITestsLaunchTests.swift; sourceTree = "<group>"; };
		C37DC6372C29492B00FAFC9E /* NetworkManager.swift */ = {isa = PBXFileReference; lastKnownFileType = sourcecode.swift; path = NetworkManager.swift; sourceTree = "<group>"; };
		C37DC6392C29496100FAFC9E /* Constants.swift */ = {isa = PBXFileReference; lastKnownFileType = sourcecode.swift; path = Constants.swift; sourceTree = "<group>"; };
		C37DC63B2C29497C00FAFC9E /* protocols.swift */ = {isa = PBXFileReference; lastKnownFileType = sourcecode.swift; path = protocols.swift; sourceTree = "<group>"; };
		C37DC63D2C2949DE00FAFC9E /* Extentions.swift */ = {isa = PBXFileReference; lastKnownFileType = sourcecode.swift; path = Extentions.swift; sourceTree = "<group>"; };
		C37DC63F2C29506000FAFC9E /* ShopViewController.swift */ = {isa = PBXFileReference; lastKnownFileType = sourcecode.swift; path = ShopViewController.swift; sourceTree = "<group>"; };
		C37DC6432C29508700FAFC9E /* AccountViewController.swift */ = {isa = PBXFileReference; lastKnownFileType = sourcecode.swift; path = AccountViewController.swift; sourceTree = "<group>"; };
		C37ED7612C296CF000BC2DF2 /* PoliciesTableViewCell.swift */ = {isa = PBXFileReference; lastKnownFileType = sourcecode.swift; path = PoliciesTableViewCell.swift; sourceTree = "<group>"; };
		C37ED7632C296DEA00BC2DF2 /* PoliciesCollectionViewCell.swift */ = {isa = PBXFileReference; lastKnownFileType = sourcecode.swift; path = PoliciesCollectionViewCell.swift; sourceTree = "<group>"; };
		C37ED7652C2977E900BC2DF2 /* CategoriesCollectionViewCell.swift */ = {isa = PBXFileReference; lastKnownFileType = sourcecode.swift; path = CategoriesCollectionViewCell.swift; sourceTree = "<group>"; };
		C37ED7672C29780000BC2DF2 /* CategoriesTableViewCell.swift */ = {isa = PBXFileReference; lastKnownFileType = sourcecode.swift; path = CategoriesTableViewCell.swift; sourceTree = "<group>"; };
		C37ED7692C29857A00BC2DF2 /* FeaturedProductsTableViewCell.swift */ = {isa = PBXFileReference; lastKnownFileType = sourcecode.swift; path = FeaturedProductsTableViewCell.swift; sourceTree = "<group>"; };
		C37ED76B2C29866B00BC2DF2 /* FeaturedProductsCollectionViewCell.swift */ = {isa = PBXFileReference; lastKnownFileType = sourcecode.swift; path = FeaturedProductsCollectionViewCell.swift; sourceTree = "<group>"; };
		C37ED76D2C29914000BC2DF2 /* DynamicHeightCollectionView.swift */ = {isa = PBXFileReference; lastKnownFileType = sourcecode.swift; path = DynamicHeightCollectionView.swift; sourceTree = "<group>"; };
		C37ED76F2C29A13B00BC2DF2 /* ShopProductsCollectionViewCell.swift */ = {isa = PBXFileReference; lastKnownFileType = sourcecode.swift; path = ShopProductsCollectionViewCell.swift; sourceTree = "<group>"; };
		C37ED7712C29A8D800BC2DF2 /* ProductModel.swift */ = {isa = PBXFileReference; lastKnownFileType = sourcecode.swift; name = ProductModel.swift; path = "MultiShop-Collab/Models/ProductModel.swift"; sourceTree = SOURCE_ROOT; };
		C37ED7732C29AFC600BC2DF2 /* ProductDetailsViewController.swift */ = {isa = PBXFileReference; lastKnownFileType = sourcecode.swift; path = ProductDetailsViewController.swift; sourceTree = "<group>"; };
		C3898F752C2A801A0029181E /* ProductDisplayTableViewCell.swift */ = {isa = PBXFileReference; lastKnownFileType = sourcecode.swift; path = ProductDisplayTableViewCell.swift; sourceTree = "<group>"; };
		C3898F772C2A81740029181E /* ProductDisplayCollectionViewCell.swift */ = {isa = PBXFileReference; lastKnownFileType = sourcecode.swift; path = ProductDisplayCollectionViewCell.swift; sourceTree = "<group>"; };
		C3898F792C2A8D040029181E /* ProductChoicesTableViewCell.swift */ = {isa = PBXFileReference; lastKnownFileType = sourcecode.swift; path = ProductChoicesTableViewCell.swift; sourceTree = "<group>"; };
		C3898F7B2C2A8ED00029181E /* CheckBox.swift */ = {isa = PBXFileReference; lastKnownFileType = sourcecode.swift; path = CheckBox.swift; sourceTree = "<group>"; };
		C3898F7D2C2A8F5D0029181E /* RadioButton.swift */ = {isa = PBXFileReference; lastKnownFileType = sourcecode.swift; path = RadioButton.swift; sourceTree = "<group>"; };
		C3898F7F2C2A99760029181E /* SuggestedProductsTableViewCell.swift */ = {isa = PBXFileReference; lastKnownFileType = sourcecode.swift; path = SuggestedProductsTableViewCell.swift; sourceTree = "<group>"; };
		C3898F812C2A9C100029181E /* SuggestedProductsCollectionViewCell.swift */ = {isa = PBXFileReference; lastKnownFileType = sourcecode.swift; path = SuggestedProductsCollectionViewCell.swift; sourceTree = "<group>"; };
		C3898F832C2AA41C0029181E /* DisplayImageViewController.swift */ = {isa = PBXFileReference; lastKnownFileType = sourcecode.swift; path = DisplayImageViewController.swift; sourceTree = "<group>"; };
		C3898F872C2AD3A90029181E /* FiltersViewController.swift */ = {isa = PBXFileReference; lastKnownFileType = sourcecode.swift; path = FiltersViewController.swift; sourceTree = "<group>"; };
		C3898F892C2AD9740029181E /* FiltersTableViewCell.swift */ = {isa = PBXFileReference; lastKnownFileType = sourcecode.swift; path = FiltersTableViewCell.swift; sourceTree = "<group>"; };
		C3AE797C2C2BFE8F00178014 /* CartTableViewCell.swift */ = {isa = PBXFileReference; fileEncoding = 4; lastKnownFileType = sourcecode.swift; path = CartTableViewCell.swift; sourceTree = "<group>"; };
		C3AE797E2C2BFEA900178014 /* AddressTableViewCell.swift */ = {isa = PBXFileReference; fileEncoding = 4; lastKnownFileType = sourcecode.swift; path = AddressTableViewCell.swift; sourceTree = "<group>"; };
		C3AE79802C2BFED100178014 /* PlaceOrderTableViewCell.swift */ = {isa = PBXFileReference; fileEncoding = 4; lastKnownFileType = sourcecode.swift; path = PlaceOrderTableViewCell.swift; sourceTree = "<group>"; };
		C3AE79822C2BFEDC00178014 /* DeliveryAddressTableViewCell.swift */ = {isa = PBXFileReference; fileEncoding = 4; lastKnownFileType = sourcecode.swift; path = DeliveryAddressTableViewCell.swift; sourceTree = "<group>"; };
		C3AE79842C2BFEE800178014 /* OrderListingTableViewCell.swift */ = {isa = PBXFileReference; fileEncoding = 4; lastKnownFileType = sourcecode.swift; path = OrderListingTableViewCell.swift; sourceTree = "<group>"; };
		C3AE79862C2BFF1000178014 /* Cart-Checkout.storyboard */ = {isa = PBXFileReference; fileEncoding = 4; lastKnownFileType = file.storyboard; path = "Cart-Checkout.storyboard"; sourceTree = "<group>"; };
		C3AE79882C2BFF1900178014 /* OrderListing.storyboard */ = {isa = PBXFileReference; fileEncoding = 4; lastKnownFileType = file.storyboard; path = OrderListing.storyboard; sourceTree = "<group>"; };
		C3AE798A2C2BFF2000178014 /* Profile.storyboard */ = {isa = PBXFileReference; fileEncoding = 4; lastKnownFileType = file.storyboard; path = Profile.storyboard; sourceTree = "<group>"; };
		C3AE798C2C2BFF5800178014 /* CartViewController.swift */ = {isa = PBXFileReference; fileEncoding = 4; lastKnownFileType = sourcecode.swift; path = CartViewController.swift; sourceTree = "<group>"; };
		C3AE798E2C2BFF6600178014 /* CheckoutViewController.swift */ = {isa = PBXFileReference; fileEncoding = 4; lastKnownFileType = sourcecode.swift; path = CheckoutViewController.swift; sourceTree = "<group>"; };
		C3AE79902C2BFF7000178014 /* SelectAddressViewController.swift */ = {isa = PBXFileReference; fileEncoding = 4; lastKnownFileType = sourcecode.swift; path = SelectAddressViewController.swift; sourceTree = "<group>"; };
		C3AE79922C2BFF7900178014 /* TypeAddressViewController.swift */ = {isa = PBXFileReference; fileEncoding = 4; lastKnownFileType = sourcecode.swift; path = TypeAddressViewController.swift; sourceTree = "<group>"; };
		C3AE79942C2BFF8200178014 /* OrderListingViewController.swift */ = {isa = PBXFileReference; fileEncoding = 4; lastKnownFileType = sourcecode.swift; path = OrderListingViewController.swift; sourceTree = "<group>"; };
		C3AE79962C2BFF8C00178014 /* ProfileViewController.swift */ = {isa = PBXFileReference; fileEncoding = 4; lastKnownFileType = sourcecode.swift; path = ProfileViewController.swift; sourceTree = "<group>"; };
		C3AE79982C2BFF9700178014 /* CreateAccountViewController.swift */ = {isa = PBXFileReference; fileEncoding = 4; lastKnownFileType = sourcecode.swift; path = CreateAccountViewController.swift; sourceTree = "<group>"; };
		C3AE799A2C2BFF9E00178014 /* SignInViewController.swift */ = {isa = PBXFileReference; fileEncoding = 4; lastKnownFileType = sourcecode.swift; path = SignInViewController.swift; sourceTree = "<group>"; };
		C3AE799C2C2BFFF900178014 /* OrderDataUser.swift */ = {isa = PBXFileReference; fileEncoding = 4; lastKnownFileType = sourcecode.swift; path = OrderDataUser.swift; sourceTree = "<group>"; };
		C3AE799E2C2C001B00178014 /* CartModel.swift */ = {isa = PBXFileReference; fileEncoding = 4; lastKnownFileType = sourcecode.swift; path = CartModel.swift; sourceTree = "<group>"; };
		C3AE799F2C2C001B00178014 /* CheckoutModel.swift */ = {isa = PBXFileReference; fileEncoding = 4; lastKnownFileType = sourcecode.swift; path = CheckoutModel.swift; sourceTree = "<group>"; };
		C3AE79A02C2C001B00178014 /* OrderModel.swift */ = {isa = PBXFileReference; fileEncoding = 4; lastKnownFileType = sourcecode.swift; path = OrderModel.swift; sourceTree = "<group>"; };
		C3B4BFF72C2956CA00EA3F46 /* SliderTableViewCell.swift */ = {isa = PBXFileReference; lastKnownFileType = sourcecode.swift; path = SliderTableViewCell.swift; sourceTree = "<group>"; };
		C3B4BFF92C2957C100EA3F46 /* SliderCollectionViewCell.swift */ = {isa = PBXFileReference; lastKnownFileType = sourcecode.swift; path = SliderCollectionViewCell.swift; sourceTree = "<group>"; };
		C3E200B22C2D487E00E90F85 /* UserModel.swift */ = {isa = PBXFileReference; fileEncoding = 4; lastKnownFileType = sourcecode.swift; path = UserModel.swift; sourceTree = "<group>"; };
		C3E200B42C2D489000E90F85 /* UserDefaultsKeys.swift */ = {isa = PBXFileReference; fileEncoding = 4; lastKnownFileType = sourcecode.swift; path = UserDefaultsKeys.swift; sourceTree = "<group>"; };
		C3E200B62C2D48CA00E90F85 /* GuestLoginTableViewCell.swift */ = {isa = PBXFileReference; fileEncoding = 4; lastKnownFileType = sourcecode.swift; path = GuestLoginTableViewCell.swift; sourceTree = "<group>"; };
		C3E200B72C2D48CA00E90F85 /* ContactDetailsTableViewCell.swift */ = {isa = PBXFileReference; fileEncoding = 4; lastKnownFileType = sourcecode.swift; path = ContactDetailsTableViewCell.swift; sourceTree = "<group>"; };
		C3E200B82C2D48CA00E90F85 /* LogoutTableViewCell.swift */ = {isa = PBXFileReference; fileEncoding = 4; lastKnownFileType = sourcecode.swift; path = LogoutTableViewCell.swift; sourceTree = "<group>"; };
		C3E200B92C2D48CB00E90F85 /* YourOrderTableViewCell.swift */ = {isa = PBXFileReference; fileEncoding = 4; lastKnownFileType = sourcecode.swift; path = YourOrderTableViewCell.swift; sourceTree = "<group>"; };
		C3E200BE2C2D48EF00E90F85 /* NewProfileViewController.swift */ = {isa = PBXFileReference; fileEncoding = 4; lastKnownFileType = sourcecode.swift; path = NewProfileViewController.swift; sourceTree = "<group>"; };
		D14F2B59F59BB4AD8436F048 /* Pods-MultiShop-Collab.debug.xcconfig */ = {isa = PBXFileReference; includeInIndex = 1; lastKnownFileType = text.xcconfig; name = "Pods-MultiShop-Collab.debug.xcconfig"; path = "Target Support Files/Pods-MultiShop-Collab/Pods-MultiShop-Collab.debug.xcconfig"; sourceTree = "<group>"; };
		FDE3909E738A0990D677D7AC /* Pods-MultiShop-Collab.release.xcconfig */ = {isa = PBXFileReference; includeInIndex = 1; lastKnownFileType = text.xcconfig; name = "Pods-MultiShop-Collab.release.xcconfig"; path = "Target Support Files/Pods-MultiShop-Collab/Pods-MultiShop-Collab.release.xcconfig"; sourceTree = "<group>"; };
/* End PBXFileReference section */

/* Begin PBXFrameworksBuildPhase section */
		C37DC5F62C2945CC00FAFC9E /* Frameworks */ = {
			isa = PBXFrameworksBuildPhase;
			buildActionMask = 2147483647;
			files = (
				FBA1ED3D4CFDF51A394789B3 /* Pods_MultiShop_Collab.framework in Frameworks */,
			);
			runOnlyForDeploymentPostprocessing = 0;
		};
		C37DC60F2C2945CE00FAFC9E /* Frameworks */ = {
			isa = PBXFrameworksBuildPhase;
			buildActionMask = 2147483647;
			files = (
				5AE301898110638C382F35DF /* Pods_MultiShop_CollabTests.framework in Frameworks */,
			);
			runOnlyForDeploymentPostprocessing = 0;
		};
		C37DC6192C2945CE00FAFC9E /* Frameworks */ = {
			isa = PBXFrameworksBuildPhase;
			buildActionMask = 2147483647;
			files = (
				965E379830C6AF138B967B07 /* Pods_MultiShop_Collab_MultiShop_CollabUITests.framework in Frameworks */,
			);
			runOnlyForDeploymentPostprocessing = 0;
		};
/* End PBXFrameworksBuildPhase section */

/* Begin PBXGroup section */
		2403D1E699084AE1E15A7AA6 /* Pods */ = {
			isa = PBXGroup;
			children = (
				D14F2B59F59BB4AD8436F048 /* Pods-MultiShop-Collab.debug.xcconfig */,
				FDE3909E738A0990D677D7AC /* Pods-MultiShop-Collab.release.xcconfig */,
				94F76E3EBEFC2EA45D72BDF8 /* Pods-MultiShop-Collab-MultiShop-CollabUITests.debug.xcconfig */,
				A19A3A60BC50C92E5D73A3EC /* Pods-MultiShop-Collab-MultiShop-CollabUITests.release.xcconfig */,
				26E44CDD42061FCC6878CC40 /* Pods-MultiShop-CollabTests.debug.xcconfig */,
				8BD48927881D50E849EC9871 /* Pods-MultiShop-CollabTests.release.xcconfig */,
			);
			path = Pods;
			sourceTree = "<group>";
		};
		970C462B1606017852A6F95C /* Frameworks */ = {
			isa = PBXGroup;
			children = (
				53D6FD7878828BF96A7D0177 /* Pods_MultiShop_Collab.framework */,
				5B588D20A9E7FF544C426160 /* Pods_MultiShop_Collab_MultiShop_CollabUITests.framework */,
				10E7451B77EADE66A8AF869A /* Pods_MultiShop_CollabTests.framework */,
			);
			name = Frameworks;
			sourceTree = "<group>";
		};
		C37DC5F02C2945CC00FAFC9E = {
			isa = PBXGroup;
			children = (
				C37DC5FB2C2945CC00FAFC9E /* MultiShop-Collab */,
				C37DC6152C2945CE00FAFC9E /* MultiShop-CollabTests */,
				C37DC61F2C2945CE00FAFC9E /* MultiShop-CollabUITests */,
				C37DC5FA2C2945CC00FAFC9E /* Products */,
				2403D1E699084AE1E15A7AA6 /* Pods */,
				970C462B1606017852A6F95C /* Frameworks */,
			);
			sourceTree = "<group>";
		};
		C37DC5FA2C2945CC00FAFC9E /* Products */ = {
			isa = PBXGroup;
			children = (
				C37DC5F92C2945CC00FAFC9E /* MultiShop-Collab.app */,
				C37DC6122C2945CE00FAFC9E /* MultiShop-CollabTests.xctest */,
				C37DC61C2C2945CE00FAFC9E /* MultiShop-CollabUITests.xctest */,
			);
			name = Products;
			sourceTree = "<group>";
		};
		C37DC5FB2C2945CC00FAFC9E /* MultiShop-Collab */ = {
			isa = PBXGroup;
			children = (
				C3B4BFF42C2955D400EA3F46 /* Cells */,
				C37DC6362C29486400FAFC9E /* UI */,
				C37DC6352C29485400FAFC9E /* ViewControllers */,
				C37DC6322C29481D00FAFC9E /* Common */,
				C37DC6312C29480700FAFC9E /* ViewModels */,
				C37DC6302C2947F900FAFC9E /* Models */,
				C37DC62F2C2947E700FAFC9E /* NetworkManager */,
				C37DC5FC2C2945CC00FAFC9E /* AppDelegate.swift */,
				C37DC5FE2C2945CC00FAFC9E /* SceneDelegate.swift */,
				C37DC6082C2945CE00FAFC9E /* Assets.xcassets */,
				C37DC60A2C2945CE00FAFC9E /* LaunchScreen.storyboard */,
				C37DC60D2C2945CE00FAFC9E /* Info.plist */,
				C37DC6052C2945CC00FAFC9E /* MultiShop_Collab.xcdatamodeld */,
			);
			path = "MultiShop-Collab";
			sourceTree = "<group>";
		};
		C37DC6152C2945CE00FAFC9E /* MultiShop-CollabTests */ = {
			isa = PBXGroup;
			children = (
				C37DC6162C2945CE00FAFC9E /* MultiShop_CollabTests.swift */,
			);
			path = "MultiShop-CollabTests";
			sourceTree = "<group>";
		};
		C37DC61F2C2945CE00FAFC9E /* MultiShop-CollabUITests */ = {
			isa = PBXGroup;
			children = (
				C37DC6202C2945CE00FAFC9E /* MultiShop_CollabUITests.swift */,
				C37DC6222C2945CE00FAFC9E /* MultiShop_CollabUITestsLaunchTests.swift */,
			);
			path = "MultiShop-CollabUITests";
			sourceTree = "<group>";
		};
		C37DC62F2C2947E700FAFC9E /* NetworkManager */ = {
			isa = PBXGroup;
			children = (
				C37DC6372C29492B00FAFC9E /* NetworkManager.swift */,
			);
			path = NetworkManager;
			sourceTree = "<group>";
		};
		C37DC6302C2947F900FAFC9E /* Models */ = {
			isa = PBXGroup;
			children = (
				C3AE799E2C2C001B00178014 /* CartModel.swift */,
				C3AE799F2C2C001B00178014 /* CheckoutModel.swift */,
				C3AE79A02C2C001B00178014 /* OrderModel.swift */,
				C3E200B22C2D487E00E90F85 /* UserModel.swift */,
				C37ED7712C29A8D800BC2DF2 /* ProductModel.swift */,
			);
			path = Models;
			sourceTree = "<group>";
		};
		C37DC6312C29480700FAFC9E /* ViewModels */ = {
			isa = PBXGroup;
			children = (
			);
			path = ViewModels;
			sourceTree = "<group>";
		};
		C37DC6322C29481D00FAFC9E /* Common */ = {
			isa = PBXGroup;
			children = (
				C37DC6392C29496100FAFC9E /* Constants.swift */,
				C37DC63B2C29497C00FAFC9E /* protocols.swift */,
				C37DC63D2C2949DE00FAFC9E /* Extentions.swift */,
				C3E200B42C2D489000E90F85 /* UserDefaultsKeys.swift */,
				C3AE799C2C2BFFF900178014 /* OrderDataUser.swift */,
				C37ED76D2C29914000BC2DF2 /* DynamicHeightCollectionView.swift */,
				C3898F7B2C2A8ED00029181E /* CheckBox.swift */,
				C3898F7D2C2A8F5D0029181E /* RadioButton.swift */,
			);
			path = Common;
			sourceTree = "<group>";
		};
		C37DC6352C29485400FAFC9E /* ViewControllers */ = {
			isa = PBXGroup;
			children = (
				C37DC63F2C29506000FAFC9E /* ShopViewController.swift */,
				C37DC6002C2945CC00FAFC9E /* HomeViewController.swift */,
				C3AE798C2C2BFF5800178014 /* CartViewController.swift */,
				C37DC6432C29508700FAFC9E /* AccountViewController.swift */,
				C3AE79902C2BFF7000178014 /* SelectAddressViewController.swift */,
				C3AE79982C2BFF9700178014 /* CreateAccountViewController.swift */,
				C3E200BE2C2D48EF00E90F85 /* NewProfileViewController.swift */,
				C37ED7732C29AFC600BC2DF2 /* ProductDetailsViewController.swift */,
				C3AE79922C2BFF7900178014 /* TypeAddressViewController.swift */,
				C3AE799A2C2BFF9E00178014 /* SignInViewController.swift */,
				C3AE798E2C2BFF6600178014 /* CheckoutViewController.swift */,
				C3AE79962C2BFF8C00178014 /* ProfileViewController.swift */,
				C3AE79942C2BFF8200178014 /* OrderListingViewController.swift */,
				C3898F832C2AA41C0029181E /* DisplayImageViewController.swift */,
				C3898F872C2AD3A90029181E /* FiltersViewController.swift */,
			);
			path = ViewControllers;
			sourceTree = "<group>";
		};
		C37DC6362C29486400FAFC9E /* UI */ = {
			isa = PBXGroup;
			children = (
				C3AE79862C2BFF1000178014 /* Cart-Checkout.storyboard */,
				C3AE79882C2BFF1900178014 /* OrderListing.storyboard */,
				C3AE798A2C2BFF2000178014 /* Profile.storyboard */,
				C37DC6022C2945CC00FAFC9E /* Main.storyboard */,
			);
			path = UI;
			sourceTree = "<group>";
		};
		C3B4BFF42C2955D400EA3F46 /* Cells */ = {
			isa = PBXGroup;
			children = (
				C3B4BFF62C2955F100EA3F46 /* CollectionViewCells */,
				C3B4BFF52C2955E000EA3F46 /* TableViewCells */,
			);
			path = Cells;
			sourceTree = "<group>";
		};
		C3B4BFF52C2955E000EA3F46 /* TableViewCells */ = {
			isa = PBXGroup;
			children = (
				C3AE797C2C2BFE8F00178014 /* CartTableViewCell.swift */,
				C3B4BFF72C2956CA00EA3F46 /* SliderTableViewCell.swift */,
				C3AE797E2C2BFEA900178014 /* AddressTableViewCell.swift */,
				C37ED7612C296CF000BC2DF2 /* PoliciesTableViewCell.swift */,
				C3AE79842C2BFEE800178014 /* OrderListingTableViewCell.swift */,
				C3AE79822C2BFEDC00178014 /* DeliveryAddressTableViewCell.swift */,
				C3E200B72C2D48CA00E90F85 /* ContactDetailsTableViewCell.swift */,
				C3E200B62C2D48CA00E90F85 /* GuestLoginTableViewCell.swift */,
				C3E200B82C2D48CA00E90F85 /* LogoutTableViewCell.swift */,
				C3E200B92C2D48CB00E90F85 /* YourOrderTableViewCell.swift */,
				C3AE79802C2BFED100178014 /* PlaceOrderTableViewCell.swift */,
				C37ED7672C29780000BC2DF2 /* CategoriesTableViewCell.swift */,
				C37ED7692C29857A00BC2DF2 /* FeaturedProductsTableViewCell.swift */,
				C3898F752C2A801A0029181E /* ProductDisplayTableViewCell.swift */,
				C3898F792C2A8D040029181E /* ProductChoicesTableViewCell.swift */,
				C3898F7F2C2A99760029181E /* SuggestedProductsTableViewCell.swift */,
				C3898F892C2AD9740029181E /* FiltersTableViewCell.swift */,
			);
			path = TableViewCells;
			sourceTree = "<group>";
		};
		C3B4BFF62C2955F100EA3F46 /* CollectionViewCells */ = {
			isa = PBXGroup;
			children = (
				C3B4BFF92C2957C100EA3F46 /* SliderCollectionViewCell.swift */,
				C37ED7632C296DEA00BC2DF2 /* PoliciesCollectionViewCell.swift */,
				C37ED7652C2977E900BC2DF2 /* CategoriesCollectionViewCell.swift */,
				C37ED76B2C29866B00BC2DF2 /* FeaturedProductsCollectionViewCell.swift */,
				C37ED76F2C29A13B00BC2DF2 /* ShopProductsCollectionViewCell.swift */,
				C3898F772C2A81740029181E /* ProductDisplayCollectionViewCell.swift */,
				C3898F812C2A9C100029181E /* SuggestedProductsCollectionViewCell.swift */,
			);
			path = CollectionViewCells;
			sourceTree = "<group>";
		};
/* End PBXGroup section */

/* Begin PBXNativeTarget section */
		C37DC5F82C2945CC00FAFC9E /* MultiShop-Collab */ = {
			isa = PBXNativeTarget;
			buildConfigurationList = C37DC6262C2945CE00FAFC9E /* Build configuration list for PBXNativeTarget "MultiShop-Collab" */;
			buildPhases = (
				A8E95FFDEB55D222D25E5E14 /* [CP] Check Pods Manifest.lock */,
				C37DC5F52C2945CC00FAFC9E /* Sources */,
				C37DC5F62C2945CC00FAFC9E /* Frameworks */,
				C37DC5F72C2945CC00FAFC9E /* Resources */,
				C60D7223432BE874C69DBEDF /* [CP] Embed Pods Frameworks */,
			);
			buildRules = (
			);
			dependencies = (
			);
			name = "MultiShop-Collab";
			productName = "MultiShop-Collab";
			productReference = C37DC5F92C2945CC00FAFC9E /* MultiShop-Collab.app */;
			productType = "com.apple.product-type.application";
		};
		C37DC6112C2945CE00FAFC9E /* MultiShop-CollabTests */ = {
			isa = PBXNativeTarget;
			buildConfigurationList = C37DC6292C2945CE00FAFC9E /* Build configuration list for PBXNativeTarget "MultiShop-CollabTests" */;
			buildPhases = (
				BDFB948C94D90DACF86B9E2C /* [CP] Check Pods Manifest.lock */,
				C37DC60E2C2945CE00FAFC9E /* Sources */,
				C37DC60F2C2945CE00FAFC9E /* Frameworks */,
				C37DC6102C2945CE00FAFC9E /* Resources */,
			);
			buildRules = (
			);
			dependencies = (
				C37DC6142C2945CE00FAFC9E /* PBXTargetDependency */,
			);
			name = "MultiShop-CollabTests";
			productName = "MultiShop-CollabTests";
			productReference = C37DC6122C2945CE00FAFC9E /* MultiShop-CollabTests.xctest */;
			productType = "com.apple.product-type.bundle.unit-test";
		};
		C37DC61B2C2945CE00FAFC9E /* MultiShop-CollabUITests */ = {
			isa = PBXNativeTarget;
			buildConfigurationList = C37DC62C2C2945CE00FAFC9E /* Build configuration list for PBXNativeTarget "MultiShop-CollabUITests" */;
			buildPhases = (
				3AE22CFBCE77AEBCAEF845A0 /* [CP] Check Pods Manifest.lock */,
				C37DC6182C2945CE00FAFC9E /* Sources */,
				C37DC6192C2945CE00FAFC9E /* Frameworks */,
				C37DC61A2C2945CE00FAFC9E /* Resources */,
				C74469626E530E697FD6DE40 /* [CP] Embed Pods Frameworks */,
			);
			buildRules = (
			);
			dependencies = (
				C37DC61E2C2945CE00FAFC9E /* PBXTargetDependency */,
			);
			name = "MultiShop-CollabUITests";
			productName = "MultiShop-CollabUITests";
			productReference = C37DC61C2C2945CE00FAFC9E /* MultiShop-CollabUITests.xctest */;
			productType = "com.apple.product-type.bundle.ui-testing";
		};
/* End PBXNativeTarget section */

/* Begin PBXProject section */
		C37DC5F12C2945CC00FAFC9E /* Project object */ = {
			isa = PBXProject;
			attributes = {
				BuildIndependentTargetsInParallel = 1;
				LastSwiftUpdateCheck = 1530;
				LastUpgradeCheck = 1530;
				TargetAttributes = {
					C37DC5F82C2945CC00FAFC9E = {
						CreatedOnToolsVersion = 15.3;
					};
					C37DC6112C2945CE00FAFC9E = {
						CreatedOnToolsVersion = 15.3;
						TestTargetID = C37DC5F82C2945CC00FAFC9E;
					};
					C37DC61B2C2945CE00FAFC9E = {
						CreatedOnToolsVersion = 15.3;
						TestTargetID = C37DC5F82C2945CC00FAFC9E;
					};
				};
			};
			buildConfigurationList = C37DC5F42C2945CC00FAFC9E /* Build configuration list for PBXProject "MultiShop-Collab" */;
			compatibilityVersion = "Xcode 14.0";
			developmentRegion = en;
			hasScannedForEncodings = 0;
			knownRegions = (
				en,
				Base,
			);
			mainGroup = C37DC5F02C2945CC00FAFC9E;
			productRefGroup = C37DC5FA2C2945CC00FAFC9E /* Products */;
			projectDirPath = "";
			projectRoot = "";
			targets = (
				C37DC5F82C2945CC00FAFC9E /* MultiShop-Collab */,
				C37DC6112C2945CE00FAFC9E /* MultiShop-CollabTests */,
				C37DC61B2C2945CE00FAFC9E /* MultiShop-CollabUITests */,
			);
		};
/* End PBXProject section */

/* Begin PBXResourcesBuildPhase section */
		C37DC5F72C2945CC00FAFC9E /* Resources */ = {
			isa = PBXResourcesBuildPhase;
			buildActionMask = 2147483647;
			files = (
				C3AE798B2C2BFF2000178014 /* Profile.storyboard in Resources */,
				C3AE79872C2BFF1000178014 /* Cart-Checkout.storyboard in Resources */,
				C37DC6092C2945CE00FAFC9E /* Assets.xcassets in Resources */,
				C3AE79892C2BFF1900178014 /* OrderListing.storyboard in Resources */,
				C37DC60C2C2945CE00FAFC9E /* Base in Resources */,
				C37DC6042C2945CC00FAFC9E /* Base in Resources */,
			);
			runOnlyForDeploymentPostprocessing = 0;
		};
		C37DC6102C2945CE00FAFC9E /* Resources */ = {
			isa = PBXResourcesBuildPhase;
			buildActionMask = 2147483647;
			files = (
			);
			runOnlyForDeploymentPostprocessing = 0;
		};
		C37DC61A2C2945CE00FAFC9E /* Resources */ = {
			isa = PBXResourcesBuildPhase;
			buildActionMask = 2147483647;
			files = (
			);
			runOnlyForDeploymentPostprocessing = 0;
		};
/* End PBXResourcesBuildPhase section */

/* Begin PBXShellScriptBuildPhase section */
		3AE22CFBCE77AEBCAEF845A0 /* [CP] Check Pods Manifest.lock */ = {
			isa = PBXShellScriptBuildPhase;
			buildActionMask = 2147483647;
			files = (
			);
			inputFileListPaths = (
			);
			inputPaths = (
				"${PODS_PODFILE_DIR_PATH}/Podfile.lock",
				"${PODS_ROOT}/Manifest.lock",
			);
			name = "[CP] Check Pods Manifest.lock";
			outputFileListPaths = (
			);
			outputPaths = (
				"$(DERIVED_FILE_DIR)/Pods-MultiShop-Collab-MultiShop-CollabUITests-checkManifestLockResult.txt",
			);
			runOnlyForDeploymentPostprocessing = 0;
			shellPath = /bin/sh;
			shellScript = "diff \"${PODS_PODFILE_DIR_PATH}/Podfile.lock\" \"${PODS_ROOT}/Manifest.lock\" > /dev/null\nif [ $? != 0 ] ; then\n    # print error to STDERR\n    echo \"error: The sandbox is not in sync with the Podfile.lock. Run 'pod install' or update your CocoaPods installation.\" >&2\n    exit 1\nfi\n# This output is used by Xcode 'outputs' to avoid re-running this script phase.\necho \"SUCCESS\" > \"${SCRIPT_OUTPUT_FILE_0}\"\n";
			showEnvVarsInLog = 0;
		};
		A8E95FFDEB55D222D25E5E14 /* [CP] Check Pods Manifest.lock */ = {
			isa = PBXShellScriptBuildPhase;
			buildActionMask = 2147483647;
			files = (
			);
			inputFileListPaths = (
			);
			inputPaths = (
				"${PODS_PODFILE_DIR_PATH}/Podfile.lock",
				"${PODS_ROOT}/Manifest.lock",
			);
			name = "[CP] Check Pods Manifest.lock";
			outputFileListPaths = (
			);
			outputPaths = (
				"$(DERIVED_FILE_DIR)/Pods-MultiShop-Collab-checkManifestLockResult.txt",
			);
			runOnlyForDeploymentPostprocessing = 0;
			shellPath = /bin/sh;
			shellScript = "diff \"${PODS_PODFILE_DIR_PATH}/Podfile.lock\" \"${PODS_ROOT}/Manifest.lock\" > /dev/null\nif [ $? != 0 ] ; then\n    # print error to STDERR\n    echo \"error: The sandbox is not in sync with the Podfile.lock. Run 'pod install' or update your CocoaPods installation.\" >&2\n    exit 1\nfi\n# This output is used by Xcode 'outputs' to avoid re-running this script phase.\necho \"SUCCESS\" > \"${SCRIPT_OUTPUT_FILE_0}\"\n";
			showEnvVarsInLog = 0;
		};
		BDFB948C94D90DACF86B9E2C /* [CP] Check Pods Manifest.lock */ = {
			isa = PBXShellScriptBuildPhase;
			buildActionMask = 2147483647;
			files = (
			);
			inputFileListPaths = (
			);
			inputPaths = (
				"${PODS_PODFILE_DIR_PATH}/Podfile.lock",
				"${PODS_ROOT}/Manifest.lock",
			);
			name = "[CP] Check Pods Manifest.lock";
			outputFileListPaths = (
			);
			outputPaths = (
				"$(DERIVED_FILE_DIR)/Pods-MultiShop-CollabTests-checkManifestLockResult.txt",
			);
			runOnlyForDeploymentPostprocessing = 0;
			shellPath = /bin/sh;
			shellScript = "diff \"${PODS_PODFILE_DIR_PATH}/Podfile.lock\" \"${PODS_ROOT}/Manifest.lock\" > /dev/null\nif [ $? != 0 ] ; then\n    # print error to STDERR\n    echo \"error: The sandbox is not in sync with the Podfile.lock. Run 'pod install' or update your CocoaPods installation.\" >&2\n    exit 1\nfi\n# This output is used by Xcode 'outputs' to avoid re-running this script phase.\necho \"SUCCESS\" > \"${SCRIPT_OUTPUT_FILE_0}\"\n";
			showEnvVarsInLog = 0;
		};
		C60D7223432BE874C69DBEDF /* [CP] Embed Pods Frameworks */ = {
			isa = PBXShellScriptBuildPhase;
			buildActionMask = 2147483647;
			files = (
			);
			inputFileListPaths = (
				"${PODS_ROOT}/Target Support Files/Pods-MultiShop-Collab/Pods-MultiShop-Collab-frameworks-${CONFIGURATION}-input-files.xcfilelist",
			);
			name = "[CP] Embed Pods Frameworks";
			outputFileListPaths = (
				"${PODS_ROOT}/Target Support Files/Pods-MultiShop-Collab/Pods-MultiShop-Collab-frameworks-${CONFIGURATION}-output-files.xcfilelist",
			);
			runOnlyForDeploymentPostprocessing = 0;
			shellPath = /bin/sh;
			shellScript = "\"${PODS_ROOT}/Target Support Files/Pods-MultiShop-Collab/Pods-MultiShop-Collab-frameworks.sh\"\n";
			showEnvVarsInLog = 0;
		};
		C74469626E530E697FD6DE40 /* [CP] Embed Pods Frameworks */ = {
			isa = PBXShellScriptBuildPhase;
			buildActionMask = 2147483647;
			files = (
			);
			inputFileListPaths = (
				"${PODS_ROOT}/Target Support Files/Pods-MultiShop-Collab-MultiShop-CollabUITests/Pods-MultiShop-Collab-MultiShop-CollabUITests-frameworks-${CONFIGURATION}-input-files.xcfilelist",
			);
			name = "[CP] Embed Pods Frameworks";
			outputFileListPaths = (
				"${PODS_ROOT}/Target Support Files/Pods-MultiShop-Collab-MultiShop-CollabUITests/Pods-MultiShop-Collab-MultiShop-CollabUITests-frameworks-${CONFIGURATION}-output-files.xcfilelist",
			);
			runOnlyForDeploymentPostprocessing = 0;
			shellPath = /bin/sh;
			shellScript = "\"${PODS_ROOT}/Target Support Files/Pods-MultiShop-Collab-MultiShop-CollabUITests/Pods-MultiShop-Collab-MultiShop-CollabUITests-frameworks.sh\"\n";
			showEnvVarsInLog = 0;
		};
/* End PBXShellScriptBuildPhase section */

/* Begin PBXSourcesBuildPhase section */
		C37DC5F52C2945CC00FAFC9E /* Sources */ = {
			isa = PBXSourcesBuildPhase;
			buildActionMask = 2147483647;
			files = (
				C3898F7A2C2A8D040029181E /* ProductChoicesTableViewCell.swift in Sources */,
				C3AE798F2C2BFF6600178014 /* CheckoutViewController.swift in Sources */,
				C37DC6012C2945CC00FAFC9E /* HomeViewController.swift in Sources */,
				C3AE79912C2BFF7000178014 /* SelectAddressViewController.swift in Sources */,
				C3E200B52C2D489000E90F85 /* UserDefaultsKeys.swift in Sources */,
				C3E200BC2C2D48CB00E90F85 /* LogoutTableViewCell.swift in Sources */,
				C37DC63C2C29497C00FAFC9E /* protocols.swift in Sources */,
				C3AE79A22C2C001B00178014 /* CheckoutModel.swift in Sources */,
				C3898F802C2A99760029181E /* SuggestedProductsTableViewCell.swift in Sources */,
				C37ED7702C29A13B00BC2DF2 /* ShopProductsCollectionViewCell.swift in Sources */,
				C3E200BD2C2D48CB00E90F85 /* YourOrderTableViewCell.swift in Sources */,
				C3E200B32C2D487E00E90F85 /* UserModel.swift in Sources */,
				C37ED7662C2977E900BC2DF2 /* CategoriesCollectionViewCell.swift in Sources */,
				C37DC6402C29506000FAFC9E /* ShopViewController.swift in Sources */,
				C3AE799D2C2BFFF900178014 /* OrderDataUser.swift in Sources */,
				C3898F822C2A9C100029181E /* SuggestedProductsCollectionViewCell.swift in Sources */,
				C3898F782C2A81740029181E /* ProductDisplayCollectionViewCell.swift in Sources */,
				C3B4BFFA2C2957C100EA3F46 /* SliderCollectionViewCell.swift in Sources */,
				C3E200BA2C2D48CB00E90F85 /* GuestLoginTableViewCell.swift in Sources */,
				C3AE79852C2BFEE800178014 /* OrderListingTableViewCell.swift in Sources */,
				C37ED7722C29A8D800BC2DF2 /* ProductModel.swift in Sources */,
				C37ED7622C296CF000BC2DF2 /* PoliciesTableViewCell.swift in Sources */,
				C3AE79A32C2C001B00178014 /* OrderModel.swift in Sources */,
				C3AE79932C2BFF7900178014 /* TypeAddressViewController.swift in Sources */,
				C3898F7C2C2A8ED00029181E /* CheckBox.swift in Sources */,
				C3898F882C2AD3A90029181E /* FiltersViewController.swift in Sources */,
				C37ED76E2C29914000BC2DF2 /* DynamicHeightCollectionView.swift in Sources */,
				C3E200BF2C2D48EF00E90F85 /* NewProfileViewController.swift in Sources */,
				C37ED7682C29780000BC2DF2 /* CategoriesTableViewCell.swift in Sources */,
				C3AE797F2C2BFEA900178014 /* AddressTableViewCell.swift in Sources */,
				C37DC5FD2C2945CC00FAFC9E /* AppDelegate.swift in Sources */,
				C3898F7E2C2A8F5D0029181E /* RadioButton.swift in Sources */,
				C3AE799B2C2BFF9E00178014 /* SignInViewController.swift in Sources */,
				C37DC6382C29492B00FAFC9E /* NetworkManager.swift in Sources */,
				C37DC63E2C2949DE00FAFC9E /* Extentions.swift in Sources */,
				C3898F8A2C2AD9740029181E /* FiltersTableViewCell.swift in Sources */,
				C37ED76A2C29857A00BC2DF2 /* FeaturedProductsTableViewCell.swift in Sources */,
				C37ED7642C296DEA00BC2DF2 /* PoliciesCollectionViewCell.swift in Sources */,
				C37DC6072C2945CC00FAFC9E /* MultiShop_Collab.xcdatamodeld in Sources */,
				C3AE797D2C2BFE8F00178014 /* CartTableViewCell.swift in Sources */,
				C3AE79832C2BFEDC00178014 /* DeliveryAddressTableViewCell.swift in Sources */,
				C3AE798D2C2BFF5800178014 /* CartViewController.swift in Sources */,
				C3AE79952C2BFF8200178014 /* OrderListingViewController.swift in Sources */,
				C37ED76C2C29866B00BC2DF2 /* FeaturedProductsCollectionViewCell.swift in Sources */,
				C3898F842C2AA41C0029181E /* DisplayImageViewController.swift in Sources */,
				C3898F762C2A801A0029181E /* ProductDisplayTableViewCell.swift in Sources */,
				C3AE79992C2BFF9700178014 /* CreateAccountViewController.swift in Sources */,
				C37DC5FF2C2945CC00FAFC9E /* SceneDelegate.swift in Sources */,
				C37DC63A2C29496100FAFC9E /* Constants.swift in Sources */,
				C3AE79A12C2C001B00178014 /* CartModel.swift in Sources */,
				C3E200BB2C2D48CB00E90F85 /* ContactDetailsTableViewCell.swift in Sources */,
				C3AE79812C2BFED100178014 /* PlaceOrderTableViewCell.swift in Sources */,
				C3B4BFF82C2956CA00EA3F46 /* SliderTableViewCell.swift in Sources */,
				C3AE79972C2BFF8C00178014 /* ProfileViewController.swift in Sources */,
				C37DC6442C29508700FAFC9E /* AccountViewController.swift in Sources */,
				C37ED7742C29AFC600BC2DF2 /* ProductDetailsViewController.swift in Sources */,
			);
			runOnlyForDeploymentPostprocessing = 0;
		};
		C37DC60E2C2945CE00FAFC9E /* Sources */ = {
			isa = PBXSourcesBuildPhase;
			buildActionMask = 2147483647;
			files = (
				C37DC6172C2945CE00FAFC9E /* MultiShop_CollabTests.swift in Sources */,
			);
			runOnlyForDeploymentPostprocessing = 0;
		};
		C37DC6182C2945CE00FAFC9E /* Sources */ = {
			isa = PBXSourcesBuildPhase;
			buildActionMask = 2147483647;
			files = (
				C37DC6212C2945CE00FAFC9E /* MultiShop_CollabUITests.swift in Sources */,
				C37DC6232C2945CE00FAFC9E /* MultiShop_CollabUITestsLaunchTests.swift in Sources */,
			);
			runOnlyForDeploymentPostprocessing = 0;
		};
/* End PBXSourcesBuildPhase section */

/* Begin PBXTargetDependency section */
		C37DC6142C2945CE00FAFC9E /* PBXTargetDependency */ = {
			isa = PBXTargetDependency;
			target = C37DC5F82C2945CC00FAFC9E /* MultiShop-Collab */;
			targetProxy = C37DC6132C2945CE00FAFC9E /* PBXContainerItemProxy */;
		};
		C37DC61E2C2945CE00FAFC9E /* PBXTargetDependency */ = {
			isa = PBXTargetDependency;
			target = C37DC5F82C2945CC00FAFC9E /* MultiShop-Collab */;
			targetProxy = C37DC61D2C2945CE00FAFC9E /* PBXContainerItemProxy */;
		};
/* End PBXTargetDependency section */

/* Begin PBXVariantGroup section */
		C37DC6022C2945CC00FAFC9E /* Main.storyboard */ = {
			isa = PBXVariantGroup;
			children = (
				C37DC6032C2945CC00FAFC9E /* Base */,
			);
			name = Main.storyboard;
			sourceTree = "<group>";
		};
		C37DC60A2C2945CE00FAFC9E /* LaunchScreen.storyboard */ = {
			isa = PBXVariantGroup;
			children = (
				C37DC60B2C2945CE00FAFC9E /* Base */,
			);
			name = LaunchScreen.storyboard;
			sourceTree = "<group>";
		};
/* End PBXVariantGroup section */

/* Begin XCBuildConfiguration section */
		C37DC6242C2945CE00FAFC9E /* Debug */ = {
			isa = XCBuildConfiguration;
			buildSettings = {
				ALWAYS_SEARCH_USER_PATHS = NO;
				ASSETCATALOG_COMPILER_GENERATE_SWIFT_ASSET_SYMBOL_EXTENSIONS = YES;
				CLANG_ANALYZER_NONNULL = YES;
				CLANG_ANALYZER_NUMBER_OBJECT_CONVERSION = YES_AGGRESSIVE;
				CLANG_CXX_LANGUAGE_STANDARD = "gnu++20";
				CLANG_ENABLE_MODULES = YES;
				CLANG_ENABLE_OBJC_ARC = YES;
				CLANG_ENABLE_OBJC_WEAK = YES;
				CLANG_WARN_BLOCK_CAPTURE_AUTORELEASING = YES;
				CLANG_WARN_BOOL_CONVERSION = YES;
				CLANG_WARN_COMMA = YES;
				CLANG_WARN_CONSTANT_CONVERSION = YES;
				CLANG_WARN_DEPRECATED_OBJC_IMPLEMENTATIONS = YES;
				CLANG_WARN_DIRECT_OBJC_ISA_USAGE = YES_ERROR;
				CLANG_WARN_DOCUMENTATION_COMMENTS = YES;
				CLANG_WARN_EMPTY_BODY = YES;
				CLANG_WARN_ENUM_CONVERSION = YES;
				CLANG_WARN_INFINITE_RECURSION = YES;
				CLANG_WARN_INT_CONVERSION = YES;
				CLANG_WARN_NON_LITERAL_NULL_CONVERSION = YES;
				CLANG_WARN_OBJC_IMPLICIT_RETAIN_SELF = YES;
				CLANG_WARN_OBJC_LITERAL_CONVERSION = YES;
				CLANG_WARN_OBJC_ROOT_CLASS = YES_ERROR;
				CLANG_WARN_QUOTED_INCLUDE_IN_FRAMEWORK_HEADER = YES;
				CLANG_WARN_RANGE_LOOP_ANALYSIS = YES;
				CLANG_WARN_STRICT_PROTOTYPES = YES;
				CLANG_WARN_SUSPICIOUS_MOVE = YES;
				CLANG_WARN_UNGUARDED_AVAILABILITY = YES_AGGRESSIVE;
				CLANG_WARN_UNREACHABLE_CODE = YES;
				CLANG_WARN__DUPLICATE_METHOD_MATCH = YES;
				COPY_PHASE_STRIP = NO;
				DEBUG_INFORMATION_FORMAT = dwarf;
				ENABLE_STRICT_OBJC_MSGSEND = YES;
				ENABLE_TESTABILITY = YES;
				ENABLE_USER_SCRIPT_SANDBOXING = NO;
				GCC_C_LANGUAGE_STANDARD = gnu17;
				GCC_DYNAMIC_NO_PIC = NO;
				GCC_NO_COMMON_BLOCKS = YES;
				GCC_OPTIMIZATION_LEVEL = 0;
				GCC_PREPROCESSOR_DEFINITIONS = (
					"DEBUG=1",
					"$(inherited)",
				);
				GCC_WARN_64_TO_32_BIT_CONVERSION = YES;
				GCC_WARN_ABOUT_RETURN_TYPE = YES_ERROR;
				GCC_WARN_UNDECLARED_SELECTOR = YES;
				GCC_WARN_UNINITIALIZED_AUTOS = YES_AGGRESSIVE;
				GCC_WARN_UNUSED_FUNCTION = YES;
				GCC_WARN_UNUSED_VARIABLE = YES;
				IPHONEOS_DEPLOYMENT_TARGET = 17.4;
				LOCALIZATION_PREFERS_STRING_CATALOGS = YES;
				MTL_ENABLE_DEBUG_INFO = INCLUDE_SOURCE;
				MTL_FAST_MATH = YES;
				ONLY_ACTIVE_ARCH = YES;
				SDKROOT = iphoneos;
				SWIFT_ACTIVE_COMPILATION_CONDITIONS = "DEBUG $(inherited)";
				SWIFT_OPTIMIZATION_LEVEL = "-Onone";
			};
			name = Debug;
		};
		C37DC6252C2945CE00FAFC9E /* Release */ = {
			isa = XCBuildConfiguration;
			buildSettings = {
				ALWAYS_SEARCH_USER_PATHS = NO;
				ASSETCATALOG_COMPILER_GENERATE_SWIFT_ASSET_SYMBOL_EXTENSIONS = YES;
				CLANG_ANALYZER_NONNULL = YES;
				CLANG_ANALYZER_NUMBER_OBJECT_CONVERSION = YES_AGGRESSIVE;
				CLANG_CXX_LANGUAGE_STANDARD = "gnu++20";
				CLANG_ENABLE_MODULES = YES;
				CLANG_ENABLE_OBJC_ARC = YES;
				CLANG_ENABLE_OBJC_WEAK = YES;
				CLANG_WARN_BLOCK_CAPTURE_AUTORELEASING = YES;
				CLANG_WARN_BOOL_CONVERSION = YES;
				CLANG_WARN_COMMA = YES;
				CLANG_WARN_CONSTANT_CONVERSION = YES;
				CLANG_WARN_DEPRECATED_OBJC_IMPLEMENTATIONS = YES;
				CLANG_WARN_DIRECT_OBJC_ISA_USAGE = YES_ERROR;
				CLANG_WARN_DOCUMENTATION_COMMENTS = YES;
				CLANG_WARN_EMPTY_BODY = YES;
				CLANG_WARN_ENUM_CONVERSION = YES;
				CLANG_WARN_INFINITE_RECURSION = YES;
				CLANG_WARN_INT_CONVERSION = YES;
				CLANG_WARN_NON_LITERAL_NULL_CONVERSION = YES;
				CLANG_WARN_OBJC_IMPLICIT_RETAIN_SELF = YES;
				CLANG_WARN_OBJC_LITERAL_CONVERSION = YES;
				CLANG_WARN_OBJC_ROOT_CLASS = YES_ERROR;
				CLANG_WARN_QUOTED_INCLUDE_IN_FRAMEWORK_HEADER = YES;
				CLANG_WARN_RANGE_LOOP_ANALYSIS = YES;
				CLANG_WARN_STRICT_PROTOTYPES = YES;
				CLANG_WARN_SUSPICIOUS_MOVE = YES;
				CLANG_WARN_UNGUARDED_AVAILABILITY = YES_AGGRESSIVE;
				CLANG_WARN_UNREACHABLE_CODE = YES;
				CLANG_WARN__DUPLICATE_METHOD_MATCH = YES;
				COPY_PHASE_STRIP = NO;
				DEBUG_INFORMATION_FORMAT = "dwarf-with-dsym";
				ENABLE_NS_ASSERTIONS = NO;
				ENABLE_STRICT_OBJC_MSGSEND = YES;
				ENABLE_USER_SCRIPT_SANDBOXING = NO;
				GCC_C_LANGUAGE_STANDARD = gnu17;
				GCC_NO_COMMON_BLOCKS = YES;
				GCC_WARN_64_TO_32_BIT_CONVERSION = YES;
				GCC_WARN_ABOUT_RETURN_TYPE = YES_ERROR;
				GCC_WARN_UNDECLARED_SELECTOR = YES;
				GCC_WARN_UNINITIALIZED_AUTOS = YES_AGGRESSIVE;
				GCC_WARN_UNUSED_FUNCTION = YES;
				GCC_WARN_UNUSED_VARIABLE = YES;
				IPHONEOS_DEPLOYMENT_TARGET = 17.4;
				LOCALIZATION_PREFERS_STRING_CATALOGS = YES;
				MTL_ENABLE_DEBUG_INFO = NO;
				MTL_FAST_MATH = YES;
				SDKROOT = iphoneos;
				SWIFT_COMPILATION_MODE = wholemodule;
				VALIDATE_PRODUCT = YES;
			};
			name = Release;
		};
		C37DC6272C2945CE00FAFC9E /* Debug */ = {
			isa = XCBuildConfiguration;
			baseConfigurationReference = D14F2B59F59BB4AD8436F048 /* Pods-MultiShop-Collab.debug.xcconfig */;
			buildSettings = {
				ASSETCATALOG_COMPILER_APPICON_NAME = AppIcon;
				ASSETCATALOG_COMPILER_GLOBAL_ACCENT_COLOR_NAME = AccentColor;
				CODE_SIGN_STYLE = Automatic;
				CURRENT_PROJECT_VERSION = 1;
				GENERATE_INFOPLIST_FILE = YES;
				INFOPLIST_FILE = "MultiShop-Collab/Info.plist";
				INFOPLIST_KEY_UIApplicationSupportsIndirectInputEvents = YES;
				INFOPLIST_KEY_UILaunchStoryboardName = LaunchScreen;
				INFOPLIST_KEY_UIMainStoryboardFile = Main;
				INFOPLIST_KEY_UISupportedInterfaceOrientations_iPad = "UIInterfaceOrientationPortrait UIInterfaceOrientationPortraitUpsideDown UIInterfaceOrientationLandscapeLeft UIInterfaceOrientationLandscapeRight";
				INFOPLIST_KEY_UISupportedInterfaceOrientations_iPhone = "UIInterfaceOrientationPortrait UIInterfaceOrientationLandscapeLeft UIInterfaceOrientationLandscapeRight";
				IPHONEOS_DEPLOYMENT_TARGET = 16.2;
				LD_RUNPATH_SEARCH_PATHS = (
					"$(inherited)",
					"@executable_path/Frameworks",
				);
				MARKETING_VERSION = 1.0;
				PRODUCT_BUNDLE_IDENTIFIER = "wcg.MultiShop-Collab";
				PRODUCT_NAME = "$(TARGET_NAME)";
				SWIFT_EMIT_LOC_STRINGS = YES;
				SWIFT_VERSION = 5.0;
				TARGETED_DEVICE_FAMILY = "1,2";
			};
			name = Debug;
		};
		C37DC6282C2945CE00FAFC9E /* Release */ = {
			isa = XCBuildConfiguration;
			baseConfigurationReference = FDE3909E738A0990D677D7AC /* Pods-MultiShop-Collab.release.xcconfig */;
			buildSettings = {
				ASSETCATALOG_COMPILER_APPICON_NAME = AppIcon;
				ASSETCATALOG_COMPILER_GLOBAL_ACCENT_COLOR_NAME = AccentColor;
				CODE_SIGN_STYLE = Automatic;
				CURRENT_PROJECT_VERSION = 1;
				GENERATE_INFOPLIST_FILE = YES;
				INFOPLIST_FILE = "MultiShop-Collab/Info.plist";
				INFOPLIST_KEY_UIApplicationSupportsIndirectInputEvents = YES;
				INFOPLIST_KEY_UILaunchStoryboardName = LaunchScreen;
				INFOPLIST_KEY_UIMainStoryboardFile = Main;
				INFOPLIST_KEY_UISupportedInterfaceOrientations_iPad = "UIInterfaceOrientationPortrait UIInterfaceOrientationPortraitUpsideDown UIInterfaceOrientationLandscapeLeft UIInterfaceOrientationLandscapeRight";
				INFOPLIST_KEY_UISupportedInterfaceOrientations_iPhone = "UIInterfaceOrientationPortrait UIInterfaceOrientationLandscapeLeft UIInterfaceOrientationLandscapeRight";
				IPHONEOS_DEPLOYMENT_TARGET = 16.2;
				LD_RUNPATH_SEARCH_PATHS = (
					"$(inherited)",
					"@executable_path/Frameworks",
				);
				MARKETING_VERSION = 1.0;
				PRODUCT_BUNDLE_IDENTIFIER = "wcg.MultiShop-Collab";
				PRODUCT_NAME = "$(TARGET_NAME)";
				SWIFT_EMIT_LOC_STRINGS = YES;
				SWIFT_VERSION = 5.0;
				TARGETED_DEVICE_FAMILY = "1,2";
			};
			name = Release;
		};
		C37DC62A2C2945CE00FAFC9E /* Debug */ = {
			isa = XCBuildConfiguration;
			baseConfigurationReference = 26E44CDD42061FCC6878CC40 /* Pods-MultiShop-CollabTests.debug.xcconfig */;
			buildSettings = {
				ALWAYS_EMBED_SWIFT_STANDARD_LIBRARIES = YES;
				BUNDLE_LOADER = "$(TEST_HOST)";
				CODE_SIGN_STYLE = Automatic;
				CURRENT_PROJECT_VERSION = 1;
				GENERATE_INFOPLIST_FILE = YES;
				IPHONEOS_DEPLOYMENT_TARGET = 17.4;
				MARKETING_VERSION = 1.0;
				PRODUCT_BUNDLE_IDENTIFIER = "wcg.MultiShop-CollabTests";
				PRODUCT_NAME = "$(TARGET_NAME)";
				SWIFT_EMIT_LOC_STRINGS = NO;
				SWIFT_VERSION = 5.0;
				TARGETED_DEVICE_FAMILY = "1,2";
				TEST_HOST = "$(BUILT_PRODUCTS_DIR)/MultiShop-Collab.app/$(BUNDLE_EXECUTABLE_FOLDER_PATH)/MultiShop-Collab";
			};
			name = Debug;
		};
		C37DC62B2C2945CE00FAFC9E /* Release */ = {
			isa = XCBuildConfiguration;
			baseConfigurationReference = 8BD48927881D50E849EC9871 /* Pods-MultiShop-CollabTests.release.xcconfig */;
			buildSettings = {
				ALWAYS_EMBED_SWIFT_STANDARD_LIBRARIES = YES;
				BUNDLE_LOADER = "$(TEST_HOST)";
				CODE_SIGN_STYLE = Automatic;
				CURRENT_PROJECT_VERSION = 1;
				GENERATE_INFOPLIST_FILE = YES;
				IPHONEOS_DEPLOYMENT_TARGET = 17.4;
				MARKETING_VERSION = 1.0;
				PRODUCT_BUNDLE_IDENTIFIER = "wcg.MultiShop-CollabTests";
				PRODUCT_NAME = "$(TARGET_NAME)";
				SWIFT_EMIT_LOC_STRINGS = NO;
				SWIFT_VERSION = 5.0;
				TARGETED_DEVICE_FAMILY = "1,2";
				TEST_HOST = "$(BUILT_PRODUCTS_DIR)/MultiShop-Collab.app/$(BUNDLE_EXECUTABLE_FOLDER_PATH)/MultiShop-Collab";
			};
			name = Release;
		};
		C37DC62D2C2945CE00FAFC9E /* Debug */ = {
			isa = XCBuildConfiguration;
			baseConfigurationReference = 94F76E3EBEFC2EA45D72BDF8 /* Pods-MultiShop-Collab-MultiShop-CollabUITests.debug.xcconfig */;
			buildSettings = {
				ALWAYS_EMBED_SWIFT_STANDARD_LIBRARIES = YES;
				CODE_SIGN_STYLE = Automatic;
				CURRENT_PROJECT_VERSION = 1;
				GENERATE_INFOPLIST_FILE = YES;
				MARKETING_VERSION = 1.0;
				PRODUCT_BUNDLE_IDENTIFIER = "wcg.MultiShop-CollabUITests";
				PRODUCT_NAME = "$(TARGET_NAME)";
				SWIFT_EMIT_LOC_STRINGS = NO;
				SWIFT_VERSION = 5.0;
				TARGETED_DEVICE_FAMILY = "1,2";
				TEST_TARGET_NAME = "MultiShop-Collab";
			};
			name = Debug;
		};
		C37DC62E2C2945CE00FAFC9E /* Release */ = {
			isa = XCBuildConfiguration;
			baseConfigurationReference = A19A3A60BC50C92E5D73A3EC /* Pods-MultiShop-Collab-MultiShop-CollabUITests.release.xcconfig */;
			buildSettings = {
				ALWAYS_EMBED_SWIFT_STANDARD_LIBRARIES = YES;
				CODE_SIGN_STYLE = Automatic;
				CURRENT_PROJECT_VERSION = 1;
				GENERATE_INFOPLIST_FILE = YES;
				MARKETING_VERSION = 1.0;
				PRODUCT_BUNDLE_IDENTIFIER = "wcg.MultiShop-CollabUITests";
				PRODUCT_NAME = "$(TARGET_NAME)";
				SWIFT_EMIT_LOC_STRINGS = NO;
				SWIFT_VERSION = 5.0;
				TARGETED_DEVICE_FAMILY = "1,2";
				TEST_TARGET_NAME = "MultiShop-Collab";
			};
			name = Release;
		};
/* End XCBuildConfiguration section */

/* Begin XCConfigurationList section */
		C37DC5F42C2945CC00FAFC9E /* Build configuration list for PBXProject "MultiShop-Collab" */ = {
			isa = XCConfigurationList;
			buildConfigurations = (
				C37DC6242C2945CE00FAFC9E /* Debug */,
				C37DC6252C2945CE00FAFC9E /* Release */,
			);
			defaultConfigurationIsVisible = 0;
			defaultConfigurationName = Release;
		};
		C37DC6262C2945CE00FAFC9E /* Build configuration list for PBXNativeTarget "MultiShop-Collab" */ = {
			isa = XCConfigurationList;
			buildConfigurations = (
				C37DC6272C2945CE00FAFC9E /* Debug */,
				C37DC6282C2945CE00FAFC9E /* Release */,
			);
			defaultConfigurationIsVisible = 0;
			defaultConfigurationName = Release;
		};
		C37DC6292C2945CE00FAFC9E /* Build configuration list for PBXNativeTarget "MultiShop-CollabTests" */ = {
			isa = XCConfigurationList;
			buildConfigurations = (
				C37DC62A2C2945CE00FAFC9E /* Debug */,
				C37DC62B2C2945CE00FAFC9E /* Release */,
			);
			defaultConfigurationIsVisible = 0;
			defaultConfigurationName = Release;
		};
		C37DC62C2C2945CE00FAFC9E /* Build configuration list for PBXNativeTarget "MultiShop-CollabUITests" */ = {
			isa = XCConfigurationList;
			buildConfigurations = (
				C37DC62D2C2945CE00FAFC9E /* Debug */,
				C37DC62E2C2945CE00FAFC9E /* Release */,
			);
			defaultConfigurationIsVisible = 0;
			defaultConfigurationName = Release;
		};
/* End XCConfigurationList section */

/* Begin XCVersionGroup section */
		C37DC6052C2945CC00FAFC9E /* MultiShop_Collab.xcdatamodeld */ = {
			isa = XCVersionGroup;
			children = (
				C37DC6062C2945CC00FAFC9E /* MultiShop_Collab.xcdatamodel */,
			);
			currentVersion = C37DC6062C2945CC00FAFC9E /* MultiShop_Collab.xcdatamodel */;
			path = MultiShop_Collab.xcdatamodeld;
			sourceTree = "<group>";
			versionGroupType = wrapper.xcdatamodel;
		};
/* End XCVersionGroup section */
	};
	rootObject = C37DC5F12C2945CC00FAFC9E /* Project object */;
}
